
Microsoft Visual Studio Solution File, Format Version 12.00
# Visual Studio Version 16
VisualStudioVersion = 16.0.32413.511
MinimumVisualStudioVersion = 10.0.40219.1
Project("{FAE04EC0-301F-11D3-BF4B-00C04F79EFBC}") = "MATMAHOC_UIT_BANK", "MATMAHOC_UIT_BANK\MATMAHOC_UIT_BANK.csproj", "{84BF0137-9D3B-46C4-A061-39C135EB360D}"
EndProject
Global
	GlobalSection(SolutionConfigurationPlatforms) = preSolution
		Debug|Any CPU = Debug|Any CPU
		Release|Any CPU = Release|Any CPU
	EndGlobalSection
	GlobalSection(ProjectConfigurationPlatforms) = postSolution
		{84BF0137-9D3B-46C4-A061-39C135EB360D}.Debug|Any CPU.ActiveCfg = Debug|Any CPU
		{84BF0137-9D3B-46C4-A061-39C135EB360D}.Debug|Any CPU.Build.0 = Debug|Any CPU
		{84BF0137-9D3B-46C4-A061-39C135EB360D}.Release|Any CPU.ActiveCfg = Release|Any CPU
		{84BF0137-9D3B-46C4-A061-39C135EB360D}.Release|Any CPU.Build.0 = Release|Any CPU
	EndGlobalSection
	GlobalSection(SolutionProperties) = preSolution
		HideSolutionNode = FALSE
	EndGlobalSection
	GlobalSection(ExtensibilityGlobals) = postSolution
		SolutionGuid = {335678E2-552A-458C-A0E2-43B6CEA310E8}
	EndGlobalSection
EndGlobal
